{
  "name": "capacitor-app",
  "version": "1.0.0",
  "lockfileVersion": 1,
  "requires": true,
  "dependencies": {
    "@capacitor/core": {
      "version": "1.1.1",
      "resolved": "https://registry.npmjs.org/@capacitor/core/-/core-1.1.1.tgz",
      "integrity": "sha512-7jnPMy9rGt5VB2QS/1xYEhHspnh2J8i9j0JA6uUtwCUBQs5bmNCqiQ8MYjHTW5NE+1jl2rnX8CU4d8sUT3/esg==",
      "requires": {
        "tslib": "^1.9.0"
      }
    },
    "@capacitor/electron": {
      "version": "1.1.1",
      "resolved": "https://registry.npmjs.org/@capacitor/electron/-/electron-1.1.1.tgz",
      "integrity": "sha512-H9kczYV9pH3rRoRPeeMh2bjJCsqMZ9QymlVJTsBRIQEiubN3+s4w8aZKdj8LWO5GHa5lbhbunsDhFwqXuJRw2A==",
      "requires": {
        "@capacitor/core": "^1.1.1"
      }
    },
    "electron-is-dev": {
      "version": "1.1.0",
      "resolved": "https://registry.npmjs.org/electron-is-dev/-/electron-is-dev-1.1.0.tgz",
      "integrity": "sha512-Z1qA/1oHNowGtSBIcWk0pcLEqYT/j+13xUw/MYOrBUOL4X7VN0i0KCTf5SqyvMPmW5pSPKbo28wkxMxzZ20YnQ=="
    },
    "tslib": {
      "version": "1.10.0",
      "resolved": "https://registry.npmjs.org/tslib/-/tslib-1.10.0.tgz",
      "integrity": "sha512-qOebF53frne81cf0S9B41ByenJ3/IuH8yJKngAX35CmiZySA0khhkovshKK+jGCaMnVomla7gVlIcc3EvKPbTQ=="
    }
  }
}
